
Microsoft Visual Studio Solution File, Format Version 12.00
# Visual Studio 15
VisualStudioVersion = 15.0.28307.421
MinimumVisualStudioVersion = 10.0.40219.1
Project("{9A19103F-16F7-4668-BE54-9A1E7A4F7556}") = "TradingSimulatorWebApi", "TradingSimulatorWebApi\TradingSimulatorWebApi.csproj", "{1C9489AE-150D-4D97-9FCC-9AEE9D09A28D}"
EndProject
Project("{9A19103F-16F7-4668-BE54-9A1E7A4F7556}") = "TradingSimulator.Core", "TradingSimulator.Core\TradingSimulator.Core.csproj", "{C7FF8867-841E-4529-B66D-82DE06AACD5B}"
EndProject
Project("{9A19103F-16F7-4668-BE54-9A1E7A4F7556}") = "TradingSimulatorConsoleApp", "TradingSimulatorConsoleApp\TradingSimulatorConsoleApp.csproj", "{82E45910-86F6-42E5-809E-C5BB8F46D7D3}"
EndProject
Global
	GlobalSection(SolutionConfigurationPlatforms) = preSolution
		Debug|Any CPU = Debug|Any CPU
		Release|Any CPU = Release|Any CPU
	EndGlobalSection
	GlobalSection(ProjectConfigurationPlatforms) = postSolution
		{1C9489AE-150D-4D97-9FCC-9AEE9D09A28D}.Debug|Any CPU.ActiveCfg = Debug|Any CPU
		{1C9489AE-150D-4D97-9FCC-9AEE9D09A28D}.Debug|Any CPU.Build.0 = Debug|Any CPU
		{1C9489AE-150D-4D97-9FCC-9AEE9D09A28D}.Release|Any CPU.ActiveCfg = Release|Any CPU
		{1C9489AE-150D-4D97-9FCC-9AEE9D09A28D}.Release|Any CPU.Build.0 = Release|Any CPU
		{C7FF8867-841E-4529-B66D-82DE06AACD5B}.Debug|Any CPU.ActiveCfg = Debug|Any CPU
		{C7FF8867-841E-4529-B66D-82DE06AACD5B}.Debug|Any CPU.Build.0 = Debug|Any CPU
		{C7FF8867-841E-4529-B66D-82DE06AACD5B}.Release|Any CPU.ActiveCfg = Release|Any CPU
		{C7FF8867-841E-4529-B66D-82DE06AACD5B}.Release|Any CPU.Build.0 = Release|Any CPU
		{82E45910-86F6-42E5-809E-C5BB8F46D7D3}.Debug|Any CPU.ActiveCfg = Debug|Any CPU
		{82E45910-86F6-42E5-809E-C5BB8F46D7D3}.Debug|Any CPU.Build.0 = Debug|Any CPU
		{82E45910-86F6-42E5-809E-C5BB8F46D7D3}.Release|Any CPU.ActiveCfg = Release|Any CPU
		{82E45910-86F6-42E5-809E-C5BB8F46D7D3}.Release|Any CPU.Build.0 = Release|Any CPU
	EndGlobalSection
	GlobalSection(SolutionProperties) = preSolution
		HideSolutionNode = FALSE
	EndGlobalSection
	GlobalSection(ExtensibilityGlobals) = postSolution
		SolutionGuid = {C9EA4F3F-BD81-4CD3-9D13-BB2CF8A21AF1}
	EndGlobalSection
EndGlobal
